
Microsoft Visual Studio Solution File, Format Version 12.00
# Visual Studio Version 17
VisualStudioVersion = 17.5.33627.172
MinimumVisualStudioVersion = 10.0.40219.1
Project("{2150E333-8FDC-42A3-9474-1A3956D46DE8}") = "Solution Items", "Solution Items", "{4B0B24E9-BA45-4729-822E-769ABCC03A82}"
	ProjectSection(SolutionItems) = preProject
		docker-compose.yml = docker-compose.yml
		README.md = README.md
	EndProjectSection
EndProject
Project("{9A19103F-16F7-4668-BE54-9A1E7A4F7556}") = "WebAppDemo.ApiGateway", "WebAppDemo.ApiGateway\WebAppDemo.ApiGateway.csproj", "{E14F965B-991E-4A6A-97AB-44C9B94A3DEA}"
EndProject
Project("{2150E333-8FDC-42A3-9474-1A3956D46DE8}") = "AbsenceService", "AbsenceService", "{092F0577-A65F-4FB8-B8B7-980A344B576C}"
EndProject
Project("{9A19103F-16F7-4668-BE54-9A1E7A4F7556}") = "WebAppDemo.AbsenceService.IDataAccess", "AbsenceService\WebAppDemo.AbsenceService.IDataAccess\WebAppDemo.AbsenceService.IDataAccess.csproj", "{8A86380F-C1F9-462E-9D14-EAD77B0333C6}"
EndProject
Project("{9A19103F-16F7-4668-BE54-9A1E7A4F7556}") = "WebAppDemo.AbsenceService.DataAccess", "AbsenceService\WebAppDemo.AbsenceService.DataAccess\WebAppDemo.AbsenceService.DataAccess.csproj", "{D658A2AF-9239-4049-96BD-089A0FB744D8}"
EndProject
Project("{9A19103F-16F7-4668-BE54-9A1E7A4F7556}") = "WebAppDemo.AbsenceService.BussinessLogic", "AbsenceService\WebAppDemo.AbsenceService.BussinessLogic\WebAppDemo.AbsenceService.BussinessLogic.csproj", "{313F36D9-D168-4FCD-8B9F-92952304A12A}"
EndProject
Project("{9A19103F-16F7-4668-BE54-9A1E7A4F7556}") = "WebAppDemo.AbsenceService.Api", "AbsenceService\WebAppDemo.AbsenceService.Api\WebAppDemo.AbsenceService.Api.csproj", "{2093A29E-518D-4D4C-9231-2ED04FE4A951}"
EndProject
Project("{9A19103F-16F7-4668-BE54-9A1E7A4F7556}") = "WebAppDemo.AbsenceService.DataTransferObjects", "AbsenceService\WebAppDemo.AbsenceService.DataTransferObjects\WebAppDemo.AbsenceService.DataTransferObjects.csproj", "{C9ACF7CC-9D16-43C2-9A74-E1BCB280DC52}"
EndProject
Project("{FAE04EC0-301F-11D3-BF4B-00C04F79EFBC}") = "WebAppDemo.AbsenceService.IMappers", "WebAppDemo.AbsenceService.IMappers\WebAppDemo.AbsenceService.IMappers.csproj", "{04541FD4-B346-408D-9ABF-02C40787CAF5}"
EndProject
Project("{FAE04EC0-301F-11D3-BF4B-00C04F79EFBC}") = "WebAppDemo.AbsenceService.Mappers", "WebAppDemo.AbsenceService.Mappers\WebAppDemo.AbsenceService.Mappers.csproj", "{5715C299-D891-40F8-846D-9DEFB68B843D}"
EndProject
Global
	GlobalSection(SolutionConfigurationPlatforms) = preSolution
		Debug|Any CPU = Debug|Any CPU
		Release|Any CPU = Release|Any CPU
	EndGlobalSection
	GlobalSection(ProjectConfigurationPlatforms) = postSolution
		{E14F965B-991E-4A6A-97AB-44C9B94A3DEA}.Debug|Any CPU.ActiveCfg = Debug|Any CPU
		{E14F965B-991E-4A6A-97AB-44C9B94A3DEA}.Debug|Any CPU.Build.0 = Debug|Any CPU
		{E14F965B-991E-4A6A-97AB-44C9B94A3DEA}.Release|Any CPU.ActiveCfg = Release|Any CPU
		{E14F965B-991E-4A6A-97AB-44C9B94A3DEA}.Release|Any CPU.Build.0 = Release|Any CPU
		{8A86380F-C1F9-462E-9D14-EAD77B0333C6}.Debug|Any CPU.ActiveCfg = Debug|Any CPU
		{8A86380F-C1F9-462E-9D14-EAD77B0333C6}.Debug|Any CPU.Build.0 = Debug|Any CPU
		{8A86380F-C1F9-462E-9D14-EAD77B0333C6}.Release|Any CPU.ActiveCfg = Release|Any CPU
		{8A86380F-C1F9-462E-9D14-EAD77B0333C6}.Release|Any CPU.Build.0 = Release|Any CPU
		{D658A2AF-9239-4049-96BD-089A0FB744D8}.Debug|Any CPU.ActiveCfg = Debug|Any CPU
		{D658A2AF-9239-4049-96BD-089A0FB744D8}.Debug|Any CPU.Build.0 = Debug|Any CPU
		{D658A2AF-9239-4049-96BD-089A0FB744D8}.Release|Any CPU.ActiveCfg = Release|Any CPU
		{D658A2AF-9239-4049-96BD-089A0FB744D8}.Release|Any CPU.Build.0 = Release|Any CPU
		{313F36D9-D168-4FCD-8B9F-92952304A12A}.Debug|Any CPU.ActiveCfg = Debug|Any CPU
		{313F36D9-D168-4FCD-8B9F-92952304A12A}.Debug|Any CPU.Build.0 = Debug|Any CPU
		{313F36D9-D168-4FCD-8B9F-92952304A12A}.Release|Any CPU.ActiveCfg = Release|Any CPU
		{313F36D9-D168-4FCD-8B9F-92952304A12A}.Release|Any CPU.Build.0 = Release|Any CPU
		{2093A29E-518D-4D4C-9231-2ED04FE4A951}.Debug|Any CPU.ActiveCfg = Debug|Any CPU
		{2093A29E-518D-4D4C-9231-2ED04FE4A951}.Debug|Any CPU.Build.0 = Debug|Any CPU
		{2093A29E-518D-4D4C-9231-2ED04FE4A951}.Release|Any CPU.ActiveCfg = Release|Any CPU
		{2093A29E-518D-4D4C-9231-2ED04FE4A951}.Release|Any CPU.Build.0 = Release|Any CPU
		{C9ACF7CC-9D16-43C2-9A74-E1BCB280DC52}.Debug|Any CPU.ActiveCfg = Debug|Any CPU
		{C9ACF7CC-9D16-43C2-9A74-E1BCB280DC52}.Debug|Any CPU.Build.0 = Debug|Any CPU
		{C9ACF7CC-9D16-43C2-9A74-E1BCB280DC52}.Release|Any CPU.ActiveCfg = Release|Any CPU
		{C9ACF7CC-9D16-43C2-9A74-E1BCB280DC52}.Release|Any CPU.Build.0 = Release|Any CPU
		{04541FD4-B346-408D-9ABF-02C40787CAF5}.Debug|Any CPU.ActiveCfg = Debug|Any CPU
		{04541FD4-B346-408D-9ABF-02C40787CAF5}.Debug|Any CPU.Build.0 = Debug|Any CPU
		{04541FD4-B346-408D-9ABF-02C40787CAF5}.Release|Any CPU.ActiveCfg = Release|Any CPU
		{04541FD4-B346-408D-9ABF-02C40787CAF5}.Release|Any CPU.Build.0 = Release|Any CPU
		{5715C299-D891-40F8-846D-9DEFB68B843D}.Debug|Any CPU.ActiveCfg = Debug|Any CPU
		{5715C299-D891-40F8-846D-9DEFB68B843D}.Debug|Any CPU.Build.0 = Debug|Any CPU
		{5715C299-D891-40F8-846D-9DEFB68B843D}.Release|Any CPU.ActiveCfg = Release|Any CPU
		{5715C299-D891-40F8-846D-9DEFB68B843D}.Release|Any CPU.Build.0 = Release|Any CPU
	EndGlobalSection
	GlobalSection(SolutionProperties) = preSolution
		HideSolutionNode = FALSE
	EndGlobalSection
	GlobalSection(NestedProjects) = preSolution
		{8A86380F-C1F9-462E-9D14-EAD77B0333C6} = {092F0577-A65F-4FB8-B8B7-980A344B576C}
		{D658A2AF-9239-4049-96BD-089A0FB744D8} = {092F0577-A65F-4FB8-B8B7-980A344B576C}
		{313F36D9-D168-4FCD-8B9F-92952304A12A} = {092F0577-A65F-4FB8-B8B7-980A344B576C}
		{2093A29E-518D-4D4C-9231-2ED04FE4A951} = {092F0577-A65F-4FB8-B8B7-980A344B576C}
		{C9ACF7CC-9D16-43C2-9A74-E1BCB280DC52} = {092F0577-A65F-4FB8-B8B7-980A344B576C}
		{04541FD4-B346-408D-9ABF-02C40787CAF5} = {092F0577-A65F-4FB8-B8B7-980A344B576C}
		{5715C299-D891-40F8-846D-9DEFB68B843D} = {092F0577-A65F-4FB8-B8B7-980A344B576C}
	EndGlobalSection
	GlobalSection(ExtensibilityGlobals) = postSolution
		SolutionGuid = {5DE17365-4995-4D69-B031-C0F5D9003DBF}
	EndGlobalSection
EndGlobal
